<?xml version="1.0" encoding="utf-8"?>
<Project ToolsVersion="4.0" xmlns="http://schemas.microsoft.com/developer/msbuild/2003">
  <ItemGroup>
    <Filter Include="Source Files">
      <UniqueIdentifier>{4FC737F1-C7A5-4376-A066-2A32D752A2FF}</UniqueIdentifier>
      <Extensions>cpp;c;cc;cxx;def;odl;idl;hpj;bat;asm;asmx</Extensions>
    </Filter>
    <Filter Include="Header Files">
      <UniqueIdentifier>{93995380-89BD-4b04-88EB-625FBE52EBFB}</UniqueIdentifier>
      <Extensions>h;hpp;hxx;hm;inl;inc;xsd</Extensions>
    </Filter>
    <Filter Include="Resource Files">
      <UniqueIdentifier>{67DA6AB6-F800-4c08-8B7A-83BB121AAD01}</UniqueIdentifier>
      <Extensions>rc;ico;cur;bmp;dlg;rc2;rct;bin;rgs;gif;jpg;jpeg;jpe;resx;tiff;tif;png;wav;mfcribbon-ms</Extensions>
    </Filter>
    <Filter Include="Miscellaneous">
      <UniqueIdentifier>{db5b4caa-3fe8-443c-99f4-1e302c4431d6}</UniqueIdentifier>
    </Filter>
    <Filter Include="Gopher">
      <UniqueIdentifier>{6d87ad70-d290-4cea-b157-b092c782840a}</UniqueIdentifier>
    </Filter>
    <Filter Include="Utilities">
      <UniqueIdentifier>{3ddaae4e-22f4-4380-9252-33edfdfe8604}</UniqueIdentifier>
    </Filter>
    <Filter Include="Windows and Dialogs">
      <UniqueIdentifier>{2351e878-4191-4bc8-8e20-9126f998516e}</UniqueIdentifier>
    </Filter>
    <Filter Include="Resource Files\Icons">
      <UniqueIdentifier>{dc4eff1c-98b9-4995-9a20-25c77a9d80b0}</UniqueIdentifier>
    </Filter>
  </ItemGroup>
  <ItemGroup>
    <None Include="small.ico">
      <Filter>Resource Files</Filter>
    </None>
    <None Include="Rodent.ico">
      <Filter>Resource Files</Filter>
    </None>
    <None Include="..\..\.gitattributes">
      <Filter>Miscellaneous</Filter>
    </None>
    <None Include="..\..\.gitignore">
      <Filter>Miscellaneous</Filter>
    </None>
    <None Include="..\..\README.md">
      <Filter>Miscellaneous</Filter>
    </None>
    <None Include="manifest.xml">
      <Filter>Resource Files</Filter>
    </None>
    <None Include="..\..\icons\arrow_left_blue.ico">
      <Filter>Resource Files\Icons</Filter>
    </None>
    <None Include="..\..\icons\arrow_right_blue.ico">
      <Filter>Resource Files\Icons</Filter>
    </None>
    <None Include="..\..\icons\media_play_green.ico">
      <Filter>Resource Files\Icons</Filter>
    </None>
    <None Include="..\..\icons\refresh.ico">
      <Filter>Resource Files\Icons</Filter>
    </None>
    <None Include="..\..\icons\stop.ico">
      <Filter>Resource Files\Icons</Filter>
    </None>
    <None Include="..\..\icons\arrow_up_blue.ico">
      <Filter>Resource Files\Icons</Filter>
    </None>
    <None Include="..\..\icons\document_certificate.ico">
      <Filter>Resource Files\Icons</Filter>
    </None>
    <None Include="..\..\icons\document_text.ico">
      <Filter>Resource Files\Icons</Filter>
    </None>
    <None Include="..\..\icons\earth.ico">
      <Filter>Resource Files\Icons</Filter>
    </None>
    <None Include="..\..\icons\error.ico">
      <Filter>Resource Files\Icons</Filter>
    </None>
    <None Include="..\..\icons\folder.ico">
      <Filter>Resource Files\Icons</Filter>
    </None>
    <None Include="..\..\icons\laptop.ico">
      <Filter>Resource Files\Icons</Filter>
    </None>
    <None Include="..\..\icons\loudspeaker.ico">
      <Filter>Resource Files\Icons</Filter>
    </None>
    <None Include="..\..\icons\movie.ico">
      <Filter>Resource Files\Icons</Filter>
    </None>
    <None Include="..\..\icons\photo_scenery.ico">
      <Filter>Resource Files\Icons</Filter>
    </None>
    <None Include="..\..\icons\unknown.ico">
      <Filter>Resource Files\Icons</Filter>
    </None>
    <None Include="..\..\icons\view.ico">
      <Filter>Resource Files\Icons</Filter>
    </None>
    <None Include="..\..\icons\window_gear.ico">
      <Filter>Resource Files\Icons</Filter>
    </None>
    <None Include="..\..\icons\blank.ico">
      <Filter>Resource Files\Icons</Filter>
    </None>
  </ItemGroup>
  <ItemGroup>
    <ClInclude Include="Resource.h">
      <Filter>Header Files</Filter>
    </ClInclude>
    <ClInclude Include="..\..\src\GopherWrapper.h">
      <Filter>Gopher</Filter>
    </ClInclude>
    <ClInclude Include="..\..\..\gopher\gopher.h">
      <Filter>Gopher</Filter>
    </ClInclude>
    <ClInclude Include="..\..\src\targetver.h">
      <Filter>Header Files</Filter>
    </ClInclude>
    <ClInclude Include="..\..\src\stdafx.h">
      <Filter>Header Files</Filter>
    </ClInclude>
    <ClInclude Include="..\..\src\Utilities\DialogWindow.h">
      <Filter>Utilities</Filter>
    </ClInclude>
    <ClInclude Include="..\..\src\Utilities\MsgBoxes.h">
      <Filter>Utilities</Filter>
    </ClInclude>
    <ClInclude Include="..\..\src\Utilities\WindowUtilities.h">
      <Filter>Utilities</Filter>
    </ClInclude>
    <ClInclude Include="..\..\src\AboutDialog.h">
      <Filter>Windows and Dialogs</Filter>
    </ClInclude>
    <ClInclude Include="..\..\src\SharedResources.h">
      <Filter>Resource Files</Filter>
    </ClInclude>
    <ClInclude Include="..\..\src\Rodent.h">
      <Filter>Header Files</Filter>
    </ClInclude>
    <ClInclude Include="..\..\src\MainWindow.h">
      <Filter>Windows and Dialogs</Filter>
    </ClInclude>
    <ClInclude Include="..\..\src\DownloadDialog.h">
      <Filter>Windows and Dialogs</Filter>
    </ClInclude>
  </ItemGroup>
  <ItemGroup>
    <ClCompile Include="..\..\src\GopherWrapper.cpp">
      <Filter>Gopher</Filter>
    </ClCompile>
    <ClCompile Include="..\..\..\gopher\gopher.c">
      <Filter>Gopher</Filter>
    </ClCompile>
    <ClCompile Include="..\..\src\stdafx.cpp">
      <Filter>Source Files</Filter>
    </ClCompile>
    <ClCompile Include="..\..\src\Utilities\DialogWindow.cpp">
      <Filter>Utilities</Filter>
    </ClCompile>
    <ClCompile Include="..\..\src\Utilities\WindowUtilities.c">
      <Filter>Utilities</Filter>
    </ClCompile>
    <ClCompile Include="..\..\src\AboutDialog.cpp">
      <Filter>Windows and Dialogs</Filter>
    </ClCompile>
    <ClCompile Include="..\..\src\Rodent.cpp">
      <Filter>Source Files</Filter>
    </ClCompile>
    <ClCompile Include="..\..\src\MainWindow.cpp">
      <Filter>Windows and Dialogs</Filter>
    </ClCompile>
    <ClCompile Include="..\..\src\Utilities\MsgBoxes.cpp">
      <Filter>Utilities</Filter>
    </ClCompile>
    <ClCompile Include="..\..\src\DownloadDialog.cpp">
      <Filter>Windows and Dialogs</Filter>
    </ClCompile>
  </ItemGroup>
  <ItemGroup>
    <ResourceCompile Include="Rodent.rc">
      <Filter>Resource Files</Filter>
    </ResourceCompile>
  </ItemGroup>
</Project>